// !$*UTF8*$!
{
	archiveVersion = 1;
	classes = {
	};
	objectVersion = 46;
	objects = {

/* Begin PBXBuildFile section */
		D048DB281AC5153200C05F75 /* MoviesAtTheater.m in Sources */ = {isa = PBXBuildFile; fileRef = D048DB231AC5153200C05F75 /* MoviesAtTheater.m */; };
		D048DB291AC5153200C05F75 /* MoviesTableViewController.m in Sources */ = {isa = PBXBuildFile; fileRef = D048DB251AC5153200C05F75 /* MoviesTableViewController.m */; };
		D048DB2A1AC5153200C05F75 /* MoviesDataSource.m in Sources */ = {isa = PBXBuildFile; fileRef = D048DB271AC5153200C05F75 /* MoviesDataSource.m */; };
		D048DB301AC51AAB00C05F75 /* Movie.m in Sources */ = {isa = PBXBuildFile; fileRef = D048DB2F1AC51AAB00C05F75 /* Movie.m */; };
		D048DB331AC51D8F00C05F75 /* MoviesDetailedViewController.m in Sources */ = {isa = PBXBuildFile; fileRef = D048DB321AC51D8F00C05F75 /* MoviesDetailedViewController.m */; };
		D048DB361AC5204F00C05F75 /* FullMoviesDataSource.m in Sources */ = {isa = PBXBuildFile; fileRef = D048DB351AC5204F00C05F75 /* FullMoviesDataSource.m */; };
		D04C6A8E1AC3C83700A9F7B0 /* main.m in Sources */ = {isa = PBXBuildFile; fileRef = D04C6A8D1AC3C83700A9F7B0 /* main.m */; };
		D04C6A911AC3C83700A9F7B0 /* AppDelegate.m in Sources */ = {isa = PBXBuildFile; fileRef = D04C6A901AC3C83700A9F7B0 /* AppDelegate.m */; };
		D04C6A971AC3C83700A9F7B0 /* Main.storyboard in Resources */ = {isa = PBXBuildFile; fileRef = D04C6A951AC3C83700A9F7B0 /* Main.storyboard */; };
		D04C6A991AC3C83700A9F7B0 /* Images.xcassets in Resources */ = {isa = PBXBuildFile; fileRef = D04C6A981AC3C83700A9F7B0 /* Images.xcassets */; };
		D04C6A9C1AC3C83700A9F7B0 /* LaunchScreen.xib in Resources */ = {isa = PBXBuildFile; fileRef = D04C6A9A1AC3C83700A9F7B0 /* LaunchScreen.xib */; };
		D04C6AA81AC3C83700A9F7B0 /* MovieTimesTests.m in Sources */ = {isa = PBXBuildFile; fileRef = D04C6AA71AC3C83700A9F7B0 /* MovieTimesTests.m */; };
		D04C6AB31AC3C87F00A9F7B0 /* DownloadAssistant.m in Sources */ = {isa = PBXBuildFile; fileRef = D04C6AB21AC3C87F00A9F7B0 /* DownloadAssistant.m */; };
		D04C6AB61AC3C8DD00A9F7B0 /* Theater.m in Sources */ = {isa = PBXBuildFile; fileRef = D04C6AB51AC3C8DD00A9F7B0 /* Theater.m */; };
		D04C6AB81AC3C92000A9F7B0 /* TheatersDataSource.m in Sources */ = {isa = PBXBuildFile; fileRef = D04C6AB71AC3C92000A9F7B0 /* TheatersDataSource.m */; };
		D04C6ABC1AC3C95500A9F7B0 /* TheatersTableViewController.m in Sources */ = {isa = PBXBuildFile; fileRef = D04C6ABB1AC3C95500A9F7B0 /* TheatersTableViewController.m */; };
		D04C6AC51AC3CE6600A9F7B0 /* Foundation.framework in Frameworks */ = {isa = PBXBuildFile; fileRef = D04C6AC41AC3CE6600A9F7B0 /* Foundation.framework */; };
		D04C6AC71AC3CE7300A9F7B0 /* CoreGraphics.framework in Frameworks */ = {isa = PBXBuildFile; fileRef = D04C6AC61AC3CE7300A9F7B0 /* CoreGraphics.framework */; };
		D04C6AC91AC3CE7C00A9F7B0 /* UIKit.framework in Frameworks */ = {isa = PBXBuildFile; fileRef = D04C6AC81AC3CE7C00A9F7B0 /* UIKit.framework */; };
/* End PBXBuildFile section */

/* Begin PBXContainerItemProxy section */
		D04C6AA21AC3C83700A9F7B0 /* PBXContainerItemProxy */ = {
			isa = PBXContainerItemProxy;
			containerPortal = D04C6A801AC3C83700A9F7B0 /* Project object */;
			proxyType = 1;
			remoteGlobalIDString = D04C6A871AC3C83700A9F7B0;
			remoteInfo = MovieTimes;
		};
/* End PBXContainerItemProxy section */

/* Begin PBXFileReference section */
		D048DB221AC5153200C05F75 /* MoviesAtTheater.h */ = {isa = PBXFileReference; fileEncoding = 4; lastKnownFileType = sourcecode.c.h; path = MoviesAtTheater.h; sourceTree = "<group>"; };
		D048DB231AC5153200C05F75 /* MoviesAtTheater.m */ = {isa = PBXFileReference; fileEncoding = 4; lastKnownFileType = sourcecode.c.objc; path = MoviesAtTheater.m; sourceTree = "<group>"; };
		D048DB241AC5153200C05F75 /* MoviesTableViewController.h */ = {isa = PBXFileReference; fileEncoding = 4; lastKnownFileType = sourcecode.c.h; path = MoviesTableViewController.h; sourceTree = "<group>"; };
		D048DB251AC5153200C05F75 /* MoviesTableViewController.m */ = {isa = PBXFileReference; fileEncoding = 4; lastKnownFileType = sourcecode.c.objc; path = MoviesTableViewController.m; sourceTree = "<group>"; };
		D048DB261AC5153200C05F75 /* MoviesDataSource.h */ = {isa = PBXFileReference; fileEncoding = 4; lastKnownFileType = sourcecode.c.h; path = MoviesDataSource.h; sourceTree = "<group>"; };
		D048DB271AC5153200C05F75 /* MoviesDataSource.m */ = {isa = PBXFileReference; fileEncoding = 4; lastKnownFileType = sourcecode.c.objc; path = MoviesDataSource.m; sourceTree = "<group>"; };
		D048DB2E1AC51AAB00C05F75 /* Movie.h */ = {isa = PBXFileReference; fileEncoding = 4; lastKnownFileType = sourcecode.c.h; path = Movie.h; sourceTree = "<group>"; };
		D048DB2F1AC51AAB00C05F75 /* Movie.m */ = {isa = PBXFileReference; fileEncoding = 4; lastKnownFileType = sourcecode.c.objc; path = Movie.m; sourceTree = "<group>"; };
		D048DB311AC51D8F00C05F75 /* MoviesDetailedViewController.h */ = {isa = PBXFileReference; fileEncoding = 4; lastKnownFileType = sourcecode.c.h; path = MoviesDetailedViewController.h; sourceTree = "<group>"; };
		D048DB321AC51D8F00C05F75 /* MoviesDetailedViewController.m */ = {isa = PBXFileReference; fileEncoding = 4; lastKnownFileType = sourcecode.c.objc; path = MoviesDetailedViewController.m; sourceTree = "<group>"; };
		D048DB341AC5203500C05F75 /* FullMoviesDataSource.h */ = {isa = PBXFileReference; lastKnownFileType = sourcecode.c.h; path = FullMoviesDataSource.h; sourceTree = "<group>"; };
		D048DB351AC5204F00C05F75 /* FullMoviesDataSource.m */ = {isa = PBXFileReference; fileEncoding = 4; lastKnownFileType = sourcecode.c.objc; path = FullMoviesDataSource.m; sourceTree = "<group>"; };
		D04C6A881AC3C83700A9F7B0 /* MovieTimes.app */ = {isa = PBXFileReference; explicitFileType = wrapper.application; includeInIndex = 0; path = MovieTimes.app; sourceTree = BUILT_PRODUCTS_DIR; };
		D04C6A8C1AC3C83700A9F7B0 /* Info.plist */ = {isa = PBXFileReference; lastKnownFileType = text.plist.xml; path = Info.plist; sourceTree = "<group>"; };
		D04C6A8D1AC3C83700A9F7B0 /* main.m */ = {isa = PBXFileReference; lastKnownFileType = sourcecode.c.objc; path = main.m; sourceTree = "<group>"; };
		D04C6A8F1AC3C83700A9F7B0 /* AppDelegate.h */ = {isa = PBXFileReference; lastKnownFileType = sourcecode.c.h; path = AppDelegate.h; sourceTree = "<group>"; };
		D04C6A901AC3C83700A9F7B0 /* AppDelegate.m */ = {isa = PBXFileReference; lastKnownFileType = sourcecode.c.objc; path = AppDelegate.m; sourceTree = "<group>"; };
		D04C6A961AC3C83700A9F7B0 /* Base */ = {isa = PBXFileReference; lastKnownFileType = file.storyboard; name = Base; path = Base.lproj/Main.storyboard; sourceTree = "<group>"; };
		D04C6A981AC3C83700A9F7B0 /* Images.xcassets */ = {isa = PBXFileReference; lastKnownFileType = folder.assetcatalog; path = Images.xcassets; sourceTree = "<group>"; };
		D04C6A9B1AC3C83700A9F7B0 /* Base */ = {isa = PBXFileReference; lastKnownFileType = file.xib; name = Base; path = Base.lproj/LaunchScreen.xib; sourceTree = "<group>"; };
		D04C6AA11AC3C83700A9F7B0 /* MovieTimesTests.xctest */ = {isa = PBXFileReference; explicitFileType = wrapper.cfbundle; includeInIndex = 0; path = MovieTimesTests.xctest; sourceTree = BUILT_PRODUCTS_DIR; };
		D04C6AA61AC3C83700A9F7B0 /* Info.plist */ = {isa = PBXFileReference; lastKnownFileType = text.plist.xml; path = Info.plist; sourceTree = "<group>"; };
		D04C6AA71AC3C83700A9F7B0 /* MovieTimesTests.m */ = {isa = PBXFileReference; lastKnownFileType = sourcecode.c.objc; path = MovieTimesTests.m; sourceTree = "<group>"; };
		D04C6AB11AC3C87F00A9F7B0 /* DownloadAssistant.h */ = {isa = PBXFileReference; fileEncoding = 4; lastKnownFileType = sourcecode.c.h; path = DownloadAssistant.h; sourceTree = "<group>"; };
		D04C6AB21AC3C87F00A9F7B0 /* DownloadAssistant.m */ = {isa = PBXFileReference; fileEncoding = 4; lastKnownFileType = sourcecode.c.objc; path = DownloadAssistant.m; sourceTree = "<group>"; };
		D04C6AB41AC3C8CB00A9F7B0 /* Theater.h */ = {isa = PBXFileReference; lastKnownFileType = sourcecode.c.h; path = Theater.h; sourceTree = "<group>"; };
		D04C6AB51AC3C8DD00A9F7B0 /* Theater.m */ = {isa = PBXFileReference; fileEncoding = 4; lastKnownFileType = sourcecode.c.objc; path = Theater.m; sourceTree = "<group>"; };
		D04C6AB71AC3C92000A9F7B0 /* TheatersDataSource.m */ = {isa = PBXFileReference; fileEncoding = 4; lastKnownFileType = sourcecode.c.objc; path = TheatersDataSource.m; sourceTree = "<group>"; };
		D04C6AB91AC3C93A00A9F7B0 /* TheatersDataSource.h */ = {isa = PBXFileReference; lastKnownFileType = sourcecode.c.h; path = TheatersDataSource.h; sourceTree = "<group>"; };
		D04C6ABA1AC3C94B00A9F7B0 /* TheatersTableViewController.h */ = {isa = PBXFileReference; lastKnownFileType = sourcecode.c.h; path = TheatersTableViewController.h; sourceTree = "<group>"; };
		D04C6ABB1AC3C95500A9F7B0 /* TheatersTableViewController.m */ = {isa = PBXFileReference; fileEncoding = 4; lastKnownFileType = sourcecode.c.objc; path = TheatersTableViewController.m; sourceTree = "<group>"; };
		D04C6AC41AC3CE6600A9F7B0 /* Foundation.framework */ = {isa = PBXFileReference; lastKnownFileType = wrapper.framework; name = Foundation.framework; path = System/Library/Frameworks/Foundation.framework; sourceTree = SDKROOT; };
		D04C6AC61AC3CE7300A9F7B0 /* CoreGraphics.framework */ = {isa = PBXFileReference; lastKnownFileType = wrapper.framework; name = CoreGraphics.framework; path = System/Library/Frameworks/CoreGraphics.framework; sourceTree = SDKROOT; };
		D04C6AC81AC3CE7C00A9F7B0 /* UIKit.framework */ = {isa = PBXFileReference; lastKnownFileType = wrapper.framework; name = UIKit.framework; path = System/Library/Frameworks/UIKit.framework; sourceTree = SDKROOT; };
/* End PBXFileReference section */

/* Begin PBXFrameworksBuildPhase section */
		D04C6A851AC3C83700A9F7B0 /* Frameworks */ = {
			isa = PBXFrameworksBuildPhase;
			buildActionMask = 2147483647;
			files = (
				D04C6AC91AC3CE7C00A9F7B0 /* UIKit.framework in Frameworks */,
				D04C6AC71AC3CE7300A9F7B0 /* CoreGraphics.framework in Frameworks */,
				D04C6AC51AC3CE6600A9F7B0 /* Foundation.framework in Frameworks */,
			);
			runOnlyForDeploymentPostprocessing = 0;
		};
		D04C6A9E1AC3C83700A9F7B0 /* Frameworks */ = {
			isa = PBXFrameworksBuildPhase;
			buildActionMask = 2147483647;
			files = (
			);
			runOnlyForDeploymentPostprocessing = 0;
		};
/* End PBXFrameworksBuildPhase section */

/* Begin PBXGroup section */
		D04C6A7F1AC3C83700A9F7B0 = {
			isa = PBXGroup;
			children = (
				D04C6A8A1AC3C83700A9F7B0 /* MovieTimes */,
				D04C6AA41AC3C83700A9F7B0 /* MovieTimesTests */,
				D04C6A891AC3C83700A9F7B0 /* Products */,
				D04C6ACA1AC3CE9F00A9F7B0 /* Frameworks */,
			);
			sourceTree = "<group>";
		};
		D04C6A891AC3C83700A9F7B0 /* Products */ = {
			isa = PBXGroup;
			children = (
				D04C6A881AC3C83700A9F7B0 /* MovieTimes.app */,
				D04C6AA11AC3C83700A9F7B0 /* MovieTimesTests.xctest */,
			);
			name = Products;
			sourceTree = "<group>";
		};
		D04C6A8A1AC3C83700A9F7B0 /* MovieTimes */ = {
			isa = PBXGroup;
			children = (
				D04C6AB41AC3C8CB00A9F7B0 /* Theater.h */,
				D04C6AB51AC3C8DD00A9F7B0 /* Theater.m */,
				D04C6AB11AC3C87F00A9F7B0 /* DownloadAssistant.h */,
				D04C6AB21AC3C87F00A9F7B0 /* DownloadAssistant.m */,
				D04C6ABA1AC3C94B00A9F7B0 /* TheatersTableViewController.h */,
				D04C6ABB1AC3C95500A9F7B0 /* TheatersTableViewController.m */,
				D04C6AB91AC3C93A00A9F7B0 /* TheatersDataSource.h */,
				D04C6AB71AC3C92000A9F7B0 /* TheatersDataSource.m */,
				D04C6A8F1AC3C83700A9F7B0 /* AppDelegate.h */,
				D04C6A901AC3C83700A9F7B0 /* AppDelegate.m */,
				D04C6A951AC3C83700A9F7B0 /* Main.storyboard */,
				D04C6A981AC3C83700A9F7B0 /* Images.xcassets */,
				D04C6A9A1AC3C83700A9F7B0 /* LaunchScreen.xib */,
				D048DB2E1AC51AAB00C05F75 /* Movie.h */,
				D048DB2F1AC51AAB00C05F75 /* Movie.m */,
				D048DB221AC5153200C05F75 /* MoviesAtTheater.h */,
				D048DB231AC5153200C05F75 /* MoviesAtTheater.m */,
				D048DB241AC5153200C05F75 /* MoviesTableViewController.h */,
				D048DB251AC5153200C05F75 /* MoviesTableViewController.m */,
				D048DB261AC5153200C05F75 /* MoviesDataSource.h */,
				D048DB271AC5153200C05F75 /* MoviesDataSource.m */,
				D048DB311AC51D8F00C05F75 /* MoviesDetailedViewController.h */,
				D048DB321AC51D8F00C05F75 /* MoviesDetailedViewController.m */,
				D048DB341AC5203500C05F75 /* FullMoviesDataSource.h */,
				D048DB351AC5204F00C05F75 /* FullMoviesDataSource.m */,
				D04C6A8B1AC3C83700A9F7B0 /* Supporting Files */,
			);
			path = MovieTimes;
			sourceTree = "<group>";
		};
		D04C6A8B1AC3C83700A9F7B0 /* Supporting Files */ = {
			isa = PBXGroup;
			children = (
				D04C6A8C1AC3C83700A9F7B0 /* Info.plist */,
				D04C6A8D1AC3C83700A9F7B0 /* main.m */,
			);
			name = "Supporting Files";
			sourceTree = "<group>";
		};
		D04C6AA41AC3C83700A9F7B0 /* MovieTimesTests */ = {
			isa = PBXGroup;
			children = (
				D04C6AA71AC3C83700A9F7B0 /* MovieTimesTests.m */,
				D04C6AA51AC3C83700A9F7B0 /* Supporting Files */,
			);
			path = MovieTimesTests;
			sourceTree = "<group>";
		};
		D04C6AA51AC3C83700A9F7B0 /* Supporting Files */ = {
			isa = PBXGroup;
			children = (
				D04C6AA61AC3C83700A9F7B0 /* Info.plist */,
			);
			name = "Supporting Files";
			sourceTree = "<group>";
		};
		D04C6ACA1AC3CE9F00A9F7B0 /* Frameworks */ = {
			isa = PBXGroup;
			children = (
				D04C6AC81AC3CE7C00A9F7B0 /* UIKit.framework */,
				D04C6AC61AC3CE7300A9F7B0 /* CoreGraphics.framework */,
				D04C6AC41AC3CE6600A9F7B0 /* Foundation.framework */,
			);
			name = Frameworks;
			path = MovieTimes;
			sourceTree = "<group>";
		};
/* End PBXGroup section */

/* Begin PBXNativeTarget section */
		D04C6A871AC3C83700A9F7B0 /* MovieTimes */ = {
			isa = PBXNativeTarget;
			buildConfigurationList = D04C6AAB1AC3C83700A9F7B0 /* Build configuration list for PBXNativeTarget "MovieTimes" */;
			buildPhases = (
				D04C6A841AC3C83700A9F7B0 /* Sources */,
				D04C6A851AC3C83700A9F7B0 /* Frameworks */,
				D04C6A861AC3C83700A9F7B0 /* Resources */,
			);
			buildRules = (
			);
			dependencies = (
			);
			name = MovieTimes;
			productName = MovieTimes;
			productReference = D04C6A881AC3C83700A9F7B0 /* MovieTimes.app */;
			productType = "com.apple.product-type.application";
		};
		D04C6AA01AC3C83700A9F7B0 /* MovieTimesTests */ = {
			isa = PBXNativeTarget;
			buildConfigurationList = D04C6AAE1AC3C83700A9F7B0 /* Build configuration list for PBXNativeTarget "MovieTimesTests" */;
			buildPhases = (
				D04C6A9D1AC3C83700A9F7B0 /* Sources */,
				D04C6A9E1AC3C83700A9F7B0 /* Frameworks */,
				D04C6A9F1AC3C83700A9F7B0 /* Resources */,
			);
			buildRules = (
			);
			dependencies = (
				D04C6AA31AC3C83700A9F7B0 /* PBXTargetDependency */,
			);
			name = MovieTimesTests;
			productName = MovieTimesTests;
			productReference = D04C6AA11AC3C83700A9F7B0 /* MovieTimesTests.xctest */;
			productType = "com.apple.product-type.bundle.unit-test";
		};
/* End PBXNativeTarget section */

/* Begin PBXProject section */
		D04C6A801AC3C83700A9F7B0 /* Project object */ = {
			isa = PBXProject;
			attributes = {
				LastUpgradeCheck = 0610;
				ORGANIZATIONNAME = JustinGuarino;
				TargetAttributes = {
					D04C6A871AC3C83700A9F7B0 = {
						CreatedOnToolsVersion = 6.1.1;
					};
					D04C6AA01AC3C83700A9F7B0 = {
						CreatedOnToolsVersion = 6.1.1;
						TestTargetID = D04C6A871AC3C83700A9F7B0;
					};
				};
			};
			buildConfigurationList = D04C6A831AC3C83700A9F7B0 /* Build configuration list for PBXProject "MovieTimes" */;
			compatibilityVersion = "Xcode 3.2";
			developmentRegion = English;
			hasScannedForEncodings = 0;
			knownRegions = (
				en,
				Base,
			);
			mainGroup = D04C6A7F1AC3C83700A9F7B0;
			productRefGroup = D04C6A891AC3C83700A9F7B0 /* Products */;
			projectDirPath = "";
			projectRoot = "";
			targets = (
				D04C6A871AC3C83700A9F7B0 /* MovieTimes */,
				D04C6AA01AC3C83700A9F7B0 /* MovieTimesTests */,
			);
		};
/* End PBXProject section */

/* Begin PBXResourcesBuildPhase section */
		D04C6A861AC3C83700A9F7B0 /* Resources */ = {
			isa = PBXResourcesBuildPhase;
			buildActionMask = 2147483647;
			files = (
				D04C6A971AC3C83700A9F7B0 /* Main.storyboard in Resources */,
				D04C6A9C1AC3C83700A9F7B0 /* LaunchScreen.xib in Resources */,
				D04C6A991AC3C83700A9F7B0 /* Images.xcassets in Resources */,
			);
			runOnlyForDeploymentPostprocessing = 0;
		};
		D04C6A9F1AC3C83700A9F7B0 /* Resources */ = {
			isa = PBXResourcesBuildPhase;
			buildActionMask = 2147483647;
			files = (
			);
			runOnlyForDeploymentPostprocessing = 0;
		};
/* End PBXResourcesBuildPhase section */

/* Begin PBXSourcesBuildPhase section */
		D04C6A841AC3C83700A9F7B0 /* Sources */ = {
			isa = PBXSourcesBuildPhase;
			buildActionMask = 2147483647;
			files = (
				D048DB301AC51AAB00C05F75 /* Movie.m in Sources */,
				D048DB361AC5204F00C05F75 /* FullMoviesDataSource.m in Sources */,
				D04C6AB31AC3C87F00A9F7B0 /* DownloadAssistant.m in Sources */,
				D04C6ABC1AC3C95500A9F7B0 /* TheatersTableViewController.m in Sources */,
				D048DB281AC5153200C05F75 /* MoviesAtTheater.m in Sources */,
				D048DB291AC5153200C05F75 /* MoviesTableViewController.m in Sources */,
				D04C6AB81AC3C92000A9F7B0 /* TheatersDataSource.m in Sources */,
				D04C6A911AC3C83700A9F7B0 /* AppDelegate.m in Sources */,
				D048DB2A1AC5153200C05F75 /* MoviesDataSource.m in Sources */,
				D04C6A8E1AC3C83700A9F7B0 /* main.m in Sources */,
				D04C6AB61AC3C8DD00A9F7B0 /* Theater.m in Sources */,
				D048DB331AC51D8F00C05F75 /* MoviesDetailedViewController.m in Sources */,
			);
			runOnlyForDeploymentPostprocessing = 0;
		};
		D04C6A9D1AC3C83700A9F7B0 /* Sources */ = {
			isa = PBXSourcesBuildPhase;
			buildActionMask = 2147483647;
			files = (
				D04C6AA81AC3C83700A9F7B0 /* MovieTimesTests.m in Sources */,
			);
			runOnlyForDeploymentPostprocessing = 0;
		};
/* End PBXSourcesBuildPhase section */

/* Begin PBXTargetDependency section */
		D04C6AA31AC3C83700A9F7B0 /* PBXTargetDependency */ = {
			isa = PBXTargetDependency;
			target = D04C6A871AC3C83700A9F7B0 /* MovieTimes */;
			targetProxy = D04C6AA21AC3C83700A9F7B0 /* PBXContainerItemProxy */;
		};
/* End PBXTargetDependency section */

/* Begin PBXVariantGroup section */
		D04C6A951AC3C83700A9F7B0 /* Main.storyboard */ = {
			isa = PBXVariantGroup;
			children = (
				D04C6A961AC3C83700A9F7B0 /* Base */,
			);
			name = Main.storyboard;
			sourceTree = "<group>";
		};
		D04C6A9A1AC3C83700A9F7B0 /* LaunchScreen.xib */ = {
			isa = PBXVariantGroup;
			children = (
				D04C6A9B1AC3C83700A9F7B0 /* Base */,
			);
			name = LaunchScreen.xib;
			sourceTree = "<group>";
		};
/* End PBXVariantGroup section */

/* Begin XCBuildConfiguration section */
		D04C6AA91AC3C83700A9F7B0 /* Debug */ = {
			isa = XCBuildConfiguration;
			buildSettings = {
				ALWAYS_SEARCH_USER_PATHS = NO;
				CLANG_CXX_LANGUAGE_STANDARD = "gnu++0x";
				CLANG_CXX_LIBRARY = "libc++";
				CLANG_ENABLE_MODULES = YES;
				CLANG_ENABLE_OBJC_ARC = YES;
				CLANG_WARN_BOOL_CONVERSION = YES;
				CLANG_WARN_CONSTANT_CONVERSION = YES;
				CLANG_WARN_DIRECT_OBJC_ISA_USAGE = YES_ERROR;
				CLANG_WARN_EMPTY_BODY = YES;
				CLANG_WARN_ENUM_CONVERSION = YES;
				CLANG_WARN_INT_CONVERSION = YES;
				CLANG_WARN_OBJC_ROOT_CLASS = YES_ERROR;
				CLANG_WARN_UNREACHABLE_CODE = YES;
				CLANG_WARN__DUPLICATE_METHOD_MATCH = YES;
				"CODE_SIGN_IDENTITY[sdk=iphoneos*]" = "iPhone Developer";
				COPY_PHASE_STRIP = NO;
				ENABLE_STRICT_OBJC_MSGSEND = YES;
				GCC_C_LANGUAGE_STANDARD = gnu99;
				GCC_DYNAMIC_NO_PIC = NO;
				GCC_OPTIMIZATION_LEVEL = 0;
				GCC_PREPROCESSOR_DEFINITIONS = (
					"DEBUG=1",
					"$(inherited)",
				);
				GCC_SYMBOLS_PRIVATE_EXTERN = NO;
				GCC_WARN_64_TO_32_BIT_CONVERSION = YES;
				GCC_WARN_ABOUT_RETURN_TYPE = YES_ERROR;
				GCC_WARN_UNDECLARED_SELECTOR = YES;
				GCC_WARN_UNINITIALIZED_AUTOS = YES_AGGRESSIVE;
				GCC_WARN_UNUSED_FUNCTION = YES;
				GCC_WARN_UNUSED_VARIABLE = YES;
				IPHONEOS_DEPLOYMENT_TARGET = 8.1;
				MTL_ENABLE_DEBUG_INFO = YES;
				ONLY_ACTIVE_ARCH = YES;
				SDKROOT = iphoneos;
				TARGETED_DEVICE_FAMILY = "1,2";
			};
			name = Debug;
		};
		D04C6AAA1AC3C83700A9F7B0 /* Release */ = {
			isa = XCBuildConfiguration;
			buildSettings = {
				ALWAYS_SEARCH_USER_PATHS = NO;
				CLANG_CXX_LANGUAGE_STANDARD = "gnu++0x";
				CLANG_CXX_LIBRARY = "libc++";
				CLANG_ENABLE_MODULES = YES;
				CLANG_ENABLE_OBJC_ARC = YES;
				CLANG_WARN_BOOL_CONVERSION = YES;
				CLANG_WARN_CONSTANT_CONVERSION = YES;
				CLANG_WARN_DIRECT_OBJC_ISA_USAGE = YES_ERROR;
				CLANG_WARN_EMPTY_BODY = YES;
				CLANG_WARN_ENUM_CONVERSION = YES;
				CLANG_WARN_INT_CONVERSION = YES;
				CLANG_WARN_OBJC_ROOT_CLASS = YES_ERROR;
				CLANG_WARN_UNREACHABLE_CODE = YES;
				CLANG_WARN__DUPLICATE_METHOD_MATCH = YES;
				"CODE_SIGN_IDENTITY[sdk=iphoneos*]" = "iPhone Developer";
				COPY_PHASE_STRIP = YES;
				ENABLE_NS_ASSERTIONS = NO;
				ENABLE_STRICT_OBJC_MSGSEND = YES;
				GCC_C_LANGUAGE_STANDARD = gnu99;
				GCC_WARN_64_TO_32_BIT_CONVERSION = YES;
				GCC_WARN_ABOUT_RETURN_TYPE = YES_ERROR;
				GCC_WARN_UNDECLARED_SELECTOR = YES;
				GCC_WARN_UNINITIALIZED_AUTOS = YES_AGGRESSIVE;
				GCC_WARN_UNUSED_FUNCTION = YES;
				GCC_WARN_UNUSED_VARIABLE = YES;
				IPHONEOS_DEPLOYMENT_TARGET = 8.1;
				MTL_ENABLE_DEBUG_INFO = NO;
				SDKROOT = iphoneos;
				TARGETED_DEVICE_FAMILY = "1,2";
				VALIDATE_PRODUCT = YES;
			};
			name = Release;
		};
		D04C6AAC1AC3C83700A9F7B0 /* Debug */ = {
			isa = XCBuildConfiguration;
			buildSettings = {
				ASSETCATALOG_COMPILER_APPICON_NAME = AppIcon;
				FRAMEWORK_SEARCH_PATHS = (
					"$(inherited)",
					"$(PROJECT_DIR)",
				);
				INFOPLIST_FILE = MovieTimes/Info.plist;
				LD_RUNPATH_SEARCH_PATHS = "$(inherited) @executable_path/Frameworks";
				PRODUCT_NAME = "$(TARGET_NAME)";
			};
			name = Debug;
		};
		D04C6AAD1AC3C83700A9F7B0 /* Release */ = {
			isa = XCBuildConfiguration;
			buildSettings = {
				ASSETCATALOG_COMPILER_APPICON_NAME = AppIcon;
				FRAMEWORK_SEARCH_PATHS = (
					"$(inherited)",
					"$(PROJECT_DIR)",
				);
				INFOPLIST_FILE = MovieTimes/Info.plist;
				LD_RUNPATH_SEARCH_PATHS = "$(inherited) @executable_path/Frameworks";
				PRODUCT_NAME = "$(TARGET_NAME)";
			};
			name = Release;
		};
		D04C6AAF1AC3C83700A9F7B0 /* Debug */ = {
			isa = XCBuildConfiguration;
			buildSettings = {
				BUNDLE_LOADER = "$(TEST_HOST)";
				FRAMEWORK_SEARCH_PATHS = (
					"$(SDKROOT)/Developer/Library/Frameworks",
					"$(inherited)",
				);
				GCC_PREPROCESSOR_DEFINITIONS = (
					"DEBUG=1",
					"$(inherited)",
				);
				INFOPLIST_FILE = MovieTimesTests/Info.plist;
				LD_RUNPATH_SEARCH_PATHS = "$(inherited) @executable_path/Frameworks @loader_path/Frameworks";
				PRODUCT_NAME = "$(TARGET_NAME)";
				TEST_HOST = "$(BUILT_PRODUCTS_DIR)/MovieTimes.app/MovieTimes";
			};
			name = Debug;
		};
		D04C6AB01AC3C83700A9F7B0 /* Release */ = {
			isa = XCBuildConfiguration;
			buildSettings = {
				BUNDLE_LOADER = "$(TEST_HOST)";
				FRAMEWORK_SEARCH_PATHS = (
					"$(SDKROOT)/Developer/Library/Frameworks",
					"$(inherited)",
				);
				INFOPLIST_FILE = MovieTimesTests/Info.plist;
				LD_RUNPATH_SEARCH_PATHS = "$(inherited) @executable_path/Frameworks @loader_path/Frameworks";
				PRODUCT_NAME = "$(TARGET_NAME)";
				TEST_HOST = "$(BUILT_PRODUCTS_DIR)/MovieTimes.app/MovieTimes";
			};
			name = Release;
		};
/* End XCBuildConfiguration section */

/* Begin XCConfigurationList section */
		D04C6A831AC3C83700A9F7B0 /* Build configuration list for PBXProject "MovieTimes" */ = {
			isa = XCConfigurationList;
			buildConfigurations = (
				D04C6AA91AC3C83700A9F7B0 /* Debug */,
				D04C6AAA1AC3C83700A9F7B0 /* Release */,
			);
			defaultConfigurationIsVisible = 0;
			defaultConfigurationName = Release;
		};
		D04C6AAB1AC3C83700A9F7B0 /* Build configuration list for PBXNativeTarget "MovieTimes" */ = {
			isa = XCConfigurationList;
			buildConfigurations = (
				D04C6AAC1AC3C83700A9F7B0 /* Debug */,
				D04C6AAD1AC3C83700A9F7B0 /* Release */,
			);
			defaultConfigurationIsVisible = 0;
			defaultConfigurationName = Release;
		};
		D04C6AAE1AC3C83700A9F7B0 /* Build configuration list for PBXNativeTarget "MovieTimesTests" */ = {
			isa = XCConfigurationList;
			buildConfigurations = (
				D04C6AAF1AC3C83700A9F7B0 /* Debug */,
				D04C6AB01AC3C83700A9F7B0 /* Release */,
			);
			defaultConfigurationIsVisible = 0;
			defaultConfigurationName = Release;
		};
/* End XCConfigurationList section */
	};
	rootObject = D04C6A801AC3C83700A9F7B0 /* Project object */;
}
